
Microsoft Visual Studio Solution File, Format Version 12.00
# Visual Studio Version 17
VisualStudioVersion = 17.11.35303.130
MinimumVisualStudioVersion = 10.0.40219.1
Project("{FAE04EC0-301F-11D3-BF4B-00C04F79EFBC}") = "BankLibrary", "BankLibrary\BankLibrary.csproj", "{DA6F8D6C-1FF6-4F17-8DE3-113F8A0FB755}"
EndProject
Project("{FAE04EC0-301F-11D3-BF4B-00C04F79EFBC}") = "BankServices", "BankServices\BankServices.csproj", "{1719EF01-E8B5-4D9D-B2FF-B4E061AED6DC}"
EndProject
Project("{FAE04EC0-301F-11D3-BF4B-00C04F79EFBC}") = "BankApp", "BankApp\BankApp.csproj", "{8C09DAF3-FCAB-479E-851C-DA5DDD68F26A}"
EndProject
Global
	GlobalSection(SolutionConfigurationPlatforms) = preSolution
		Debug|Any CPU = Debug|Any CPU
		Release|Any CPU = Release|Any CPU
	EndGlobalSection
	GlobalSection(ProjectConfigurationPlatforms) = postSolution
		{DA6F8D6C-1FF6-4F17-8DE3-113F8A0FB755}.Debug|Any CPU.ActiveCfg = Debug|Any CPU
		{DA6F8D6C-1FF6-4F17-8DE3-113F8A0FB755}.Debug|Any CPU.Build.0 = Debug|Any CPU
		{DA6F8D6C-1FF6-4F17-8DE3-113F8A0FB755}.Release|Any CPU.ActiveCfg = Release|Any CPU
		{DA6F8D6C-1FF6-4F17-8DE3-113F8A0FB755}.Release|Any CPU.Build.0 = Release|Any CPU
		{1719EF01-E8B5-4D9D-B2FF-B4E061AED6DC}.Debug|Any CPU.ActiveCfg = Debug|Any CPU
		{1719EF01-E8B5-4D9D-B2FF-B4E061AED6DC}.Debug|Any CPU.Build.0 = Debug|Any CPU
		{1719EF01-E8B5-4D9D-B2FF-B4E061AED6DC}.Release|Any CPU.ActiveCfg = Release|Any CPU
		{1719EF01-E8B5-4D9D-B2FF-B4E061AED6DC}.Release|Any CPU.Build.0 = Release|Any CPU
		{8C09DAF3-FCAB-479E-851C-DA5DDD68F26A}.Debug|Any CPU.ActiveCfg = Debug|Any CPU
		{8C09DAF3-FCAB-479E-851C-DA5DDD68F26A}.Debug|Any CPU.Build.0 = Debug|Any CPU
		{8C09DAF3-FCAB-479E-851C-DA5DDD68F26A}.Release|Any CPU.ActiveCfg = Release|Any CPU
		{8C09DAF3-FCAB-479E-851C-DA5DDD68F26A}.Release|Any CPU.Build.0 = Release|Any CPU
	EndGlobalSection
	GlobalSection(SolutionProperties) = preSolution
		HideSolutionNode = FALSE
	EndGlobalSection
	GlobalSection(ExtensibilityGlobals) = postSolution
		SolutionGuid = {784AAC66-E99E-4C1A-848E-B7A1C37F86B4}
	EndGlobalSection
EndGlobal
